{
  "originHash" : "22dae6f881dc343b9fa28db97576027175425a66ea1f4b6b881e8838b64fc5c0",
  "pins" : [
    {
      "identity" : "mappls-annotation-extension-ios-distribution-base",
      "kind" : "remoteSourceControl",
      "location" : "https://github.com/mappls-api/mappls-annotation-extension-ios-distribution-base.git",
      "state" : {
        "revision" : "24bf50281391d5061ac1fba2f53221491a231ee1",
        "version" : "2.0.0"
      }
    },
    {
      "identity" : "mappls-api-core-ios-distribution",
      "kind" : "remoteSourceControl",
      "location" : "https://github.com/mappls-api/mappls-api-core-ios-distribution.git",
      "state" : {
        "revision" : "8c1c2d8ac2c675e74486865218520810b01c973d",
        "version" : "2.0.5"
      }
    },
    {
      "identity" : "mappls-api-kit-ios-distribution-base",
      "kind" : "remoteSourceControl",
      "location" : "https://github.com/mappls-api/mappls-api-kit-ios-distribution-base.git",
      "state" : {
        "revision" : "5e92f8ab9e3cfaf2b8d17f4bfead7806956307b5",
        "version" : "3.0.3"
      }
    },
    {
      "identity" : "mappls-geoanalytics-ios-distribution-base",
      "kind" : "remoteSourceControl",
      "location" : "https://github.com/mappls-api/mappls-geoanalytics-ios-distribution-base.git",
      "state" : {
        "revision" : "83670cab4d5da450eb082217f23c6bb4eee22f06",
        "version" : "2.0.0"
      }
    },
    {
      "identity" : "mappls-lms-ios-distribution-base",
      "kind" : "remoteSourceControl",
      "location" : "https://github.com/mappls-api/mappls-lms-ios-distribution-base.git",
      "state" : {
        "revision" : "2c75f23b9bdadcc3819ae7492acabfcfc00b1651",
        "version" : "2.0.1"
      }
    },
    {
      "identity" : "mappls-map-ios-distribution-base",
      "kind" : "remoteSourceControl",
      "location" : "https://github.com/mappls-api/mappls-map-ios-distribution-base.git",
      "state" : {
        "revision" : "be2d8f69bc760d0dc7ddc49a017083e60103fcbc",
        "version" : "6.1.1"
      }
    }
  ],
  "version" : 3
}
